
Microsoft Visual Studio Solution File, Format Version 12.00
# Visual Studio Version 17
VisualStudioVersion = 17.7.34031.279
MinimumVisualStudioVersion = 10.0.40219.1
Project("{8BC9CEB8-8B4A-11D0-8D11-00A0C91BC942}") = "hv", "hv\hv.vcxproj", "{83E58D2B-DEF6-4494-B130-866397B47CD6}"
EndProject
Global
	GlobalSection(SolutionConfigurationPlatforms) = preSolution
		Debug|ARM64 = Debug|ARM64
		Debug|x64 = Debug|x64
		Release - Apic|ARM64 = Release - Apic|ARM64
		Release - Apic|x64 = Release - Apic|x64
		Release|ARM64 = Release|ARM64
		Release|x64 = Release|x64
	EndGlobalSection
	GlobalSection(ProjectConfigurationPlatforms) = postSolution
		{83E58D2B-DEF6-4494-B130-866397B47CD6}.Debug|ARM64.ActiveCfg = Debug|ARM64
		{83E58D2B-DEF6-4494-B130-866397B47CD6}.Debug|ARM64.Build.0 = Debug|ARM64
		{83E58D2B-DEF6-4494-B130-866397B47CD6}.Debug|ARM64.Deploy.0 = Debug|ARM64
		{83E58D2B-DEF6-4494-B130-866397B47CD6}.Debug|x64.ActiveCfg = Debug|x64
		{83E58D2B-DEF6-4494-B130-866397B47CD6}.Debug|x64.Build.0 = Debug|x64
		{83E58D2B-DEF6-4494-B130-866397B47CD6}.Debug|x64.Deploy.0 = Debug|x64
		{83E58D2B-DEF6-4494-B130-866397B47CD6}.Release - Apic|ARM64.ActiveCfg = Release - Apic|ARM64
		{83E58D2B-DEF6-4494-B130-866397B47CD6}.Release - Apic|ARM64.Build.0 = Release - Apic|ARM64
		{83E58D2B-DEF6-4494-B130-866397B47CD6}.Release - Apic|ARM64.Deploy.0 = Release - Apic|ARM64
		{83E58D2B-DEF6-4494-B130-866397B47CD6}.Release - Apic|x64.ActiveCfg = Release - Apic|x64
		{83E58D2B-DEF6-4494-B130-866397B47CD6}.Release - Apic|x64.Build.0 = Release - Apic|x64
		{83E58D2B-DEF6-4494-B130-866397B47CD6}.Release - Apic|x64.Deploy.0 = Release - Apic|x64
		{83E58D2B-DEF6-4494-B130-866397B47CD6}.Release|ARM64.ActiveCfg = Release|ARM64
		{83E58D2B-DEF6-4494-B130-866397B47CD6}.Release|ARM64.Build.0 = Release|ARM64
		{83E58D2B-DEF6-4494-B130-866397B47CD6}.Release|ARM64.Deploy.0 = Release|ARM64
		{83E58D2B-DEF6-4494-B130-866397B47CD6}.Release|x64.ActiveCfg = Release|x64
		{83E58D2B-DEF6-4494-B130-866397B47CD6}.Release|x64.Build.0 = Release|x64
		{83E58D2B-DEF6-4494-B130-866397B47CD6}.Release|x64.Deploy.0 = Release|x64
	EndGlobalSection
	GlobalSection(SolutionProperties) = preSolution
		HideSolutionNode = FALSE
	EndGlobalSection
	GlobalSection(ExtensibilityGlobals) = postSolution
		SolutionGuid = {5AE8C73B-ECC6-416C-B4A8-DDBA0BF32242}
	EndGlobalSection
EndGlobal
